
Microsoft Visual Studio Solution File, Format Version 12.00
# Visual Studio Version 16
VisualStudioVersion = 16.0.29411.108
MinimumVisualStudioVersion = 10.0.40219.1
Project("{9A19103F-16F7-4668-BE54-9A1E7A4F7556}") = "OrdersApi", "OrdersApi\OrdersApi.csproj", "{969C143B-4EE3-409E-8CB8-35C5BCCB3998}"
EndProject
Project("{FAE04EC0-301F-11D3-BF4B-00C04F79EFBC}") = "Contracts", "Contracts\Contracts.csproj", "{80A63D98-27B1-48D1-A00D-3E0D9BBC0993}"
EndProject
Project("{FAE04EC0-301F-11D3-BF4B-00C04F79EFBC}") = "Entities", "Models\Entities.csproj", "{AAE3CE00-20E4-463D-918E-1167949DE097}"
EndProject
Global
	GlobalSection(SolutionConfigurationPlatforms) = preSolution
		Debug|Any CPU = Debug|Any CPU
		Release|Any CPU = Release|Any CPU
	EndGlobalSection
	GlobalSection(ProjectConfigurationPlatforms) = postSolution
		{969C143B-4EE3-409E-8CB8-35C5BCCB3998}.Debug|Any CPU.ActiveCfg = Debug|Any CPU
		{969C143B-4EE3-409E-8CB8-35C5BCCB3998}.Debug|Any CPU.Build.0 = Debug|Any CPU
		{969C143B-4EE3-409E-8CB8-35C5BCCB3998}.Release|Any CPU.ActiveCfg = Release|Any CPU
		{969C143B-4EE3-409E-8CB8-35C5BCCB3998}.Release|Any CPU.Build.0 = Release|Any CPU
		{80A63D98-27B1-48D1-A00D-3E0D9BBC0993}.Debug|Any CPU.ActiveCfg = Debug|Any CPU
		{80A63D98-27B1-48D1-A00D-3E0D9BBC0993}.Debug|Any CPU.Build.0 = Debug|Any CPU
		{80A63D98-27B1-48D1-A00D-3E0D9BBC0993}.Release|Any CPU.ActiveCfg = Release|Any CPU
		{80A63D98-27B1-48D1-A00D-3E0D9BBC0993}.Release|Any CPU.Build.0 = Release|Any CPU
		{AAE3CE00-20E4-463D-918E-1167949DE097}.Debug|Any CPU.ActiveCfg = Debug|Any CPU
		{AAE3CE00-20E4-463D-918E-1167949DE097}.Debug|Any CPU.Build.0 = Debug|Any CPU
		{AAE3CE00-20E4-463D-918E-1167949DE097}.Release|Any CPU.ActiveCfg = Release|Any CPU
		{AAE3CE00-20E4-463D-918E-1167949DE097}.Release|Any CPU.Build.0 = Release|Any CPU
	EndGlobalSection
	GlobalSection(SolutionProperties) = preSolution
		HideSolutionNode = FALSE
	EndGlobalSection
	GlobalSection(ExtensibilityGlobals) = postSolution
		SolutionGuid = {38BE733B-72FE-467F-90BE-CF381D141A94}
	EndGlobalSection
EndGlobal
